
Microsoft Visual Studio Solution File, Format Version 12.00
# Visual Studio Version 17
VisualStudioVersion = 17.14.36518.9
MinimumVisualStudioVersion = 10.0.40219.1
Project("{FAE04EC0-301F-11D3-BF4B-00C04F79EFBC}") = "CadCafeteria", "CadCafeteria\CadCafeteria.csproj", "{48E9898A-C9CC-4C05-B624-6E0A98C1E4D4}"
EndProject
Project("{FAE04EC0-301F-11D3-BF4B-00C04F79EFBC}") = "ClnCafeteria", "ClnCafeteria\ClnCafeteria.csproj", "{BAC8AF87-7E54-4E01-9C47-05753577FF79}"
EndProject
Project("{FAE04EC0-301F-11D3-BF4B-00C04F79EFBC}") = "CpCafeteria", "CpCafeteria\CpCafeteria.csproj", "{827ACF53-0AD1-4186-B61C-9EAEC114211B}"
EndProject
Project("{FAE04EC0-301F-11D3-BF4B-00C04F79EFBC}") = "WebCafeteria", "WebCafeteria\WebCafeteria.csproj", "{A308CA2B-BED8-49F2-9AFC-82CFEFAD54A9}"
EndProject
Global
	GlobalSection(SolutionConfigurationPlatforms) = preSolution
		Debug|Any CPU = Debug|Any CPU
		Release|Any CPU = Release|Any CPU
	EndGlobalSection
	GlobalSection(ProjectConfigurationPlatforms) = postSolution
		{48E9898A-C9CC-4C05-B624-6E0A98C1E4D4}.Debug|Any CPU.ActiveCfg = Debug|Any CPU
		{48E9898A-C9CC-4C05-B624-6E0A98C1E4D4}.Debug|Any CPU.Build.0 = Debug|Any CPU
		{48E9898A-C9CC-4C05-B624-6E0A98C1E4D4}.Release|Any CPU.ActiveCfg = Release|Any CPU
		{48E9898A-C9CC-4C05-B624-6E0A98C1E4D4}.Release|Any CPU.Build.0 = Release|Any CPU
		{BAC8AF87-7E54-4E01-9C47-05753577FF79}.Debug|Any CPU.ActiveCfg = Debug|Any CPU
		{BAC8AF87-7E54-4E01-9C47-05753577FF79}.Debug|Any CPU.Build.0 = Debug|Any CPU
		{BAC8AF87-7E54-4E01-9C47-05753577FF79}.Release|Any CPU.ActiveCfg = Release|Any CPU
		{BAC8AF87-7E54-4E01-9C47-05753577FF79}.Release|Any CPU.Build.0 = Release|Any CPU
		{827ACF53-0AD1-4186-B61C-9EAEC114211B}.Debug|Any CPU.ActiveCfg = Debug|Any CPU
		{827ACF53-0AD1-4186-B61C-9EAEC114211B}.Debug|Any CPU.Build.0 = Debug|Any CPU
		{827ACF53-0AD1-4186-B61C-9EAEC114211B}.Release|Any CPU.ActiveCfg = Release|Any CPU
		{827ACF53-0AD1-4186-B61C-9EAEC114211B}.Release|Any CPU.Build.0 = Release|Any CPU
		{A308CA2B-BED8-49F2-9AFC-82CFEFAD54A9}.Debug|Any CPU.ActiveCfg = Debug|Any CPU
		{A308CA2B-BED8-49F2-9AFC-82CFEFAD54A9}.Debug|Any CPU.Build.0 = Debug|Any CPU
		{A308CA2B-BED8-49F2-9AFC-82CFEFAD54A9}.Release|Any CPU.ActiveCfg = Release|Any CPU
		{A308CA2B-BED8-49F2-9AFC-82CFEFAD54A9}.Release|Any CPU.Build.0 = Release|Any CPU
	EndGlobalSection
	GlobalSection(SolutionProperties) = preSolution
		HideSolutionNode = FALSE
	EndGlobalSection
	GlobalSection(ExtensibilityGlobals) = postSolution
		SolutionGuid = {D581FC15-B1B9-42AC-AD5D-9410A361E5E6}
	EndGlobalSection
EndGlobal
